
Microsoft Visual Studio Solution File, Format Version 12.00
# Visual Studio Version 17
VisualStudioVersion = 17.0.31919.166
MinimumVisualStudioVersion = 10.0.40219.1
Project("{FAE04EC0-301F-11D3-BF4B-00C04F79EFBC}") = "在线礼包", "在线礼包.csproj", "{F80E90D2-EE59-40EE-9E67-F8316B9F73DD}"
EndProject
Global
	GlobalSection(SolutionConfigurationPlatforms) = preSolution
		Debug|Any CPU = Debug|Any CPU
		Debug|x64 = Debug|x64
		Debug|x86 = Debug|x86
		Release|Any CPU = Release|Any CPU
		Release|x64 = Release|x64
		Release|x86 = Release|x86
	EndGlobalSection
	GlobalSection(ProjectConfigurationPlatforms) = postSolution
		{F80E90D2-EE59-40EE-9E67-F8316B9F73DD}.Debug|Any CPU.ActiveCfg = Debug|Any CPU
		{F80E90D2-EE59-40EE-9E67-F8316B9F73DD}.Debug|Any CPU.Build.0 = Debug|Any CPU
		{F80E90D2-EE59-40EE-9E67-F8316B9F73DD}.Debug|x64.ActiveCfg = Debug|Any CPU
		{F80E90D2-EE59-40EE-9E67-F8316B9F73DD}.Debug|x64.Build.0 = Debug|Any CPU
		{F80E90D2-EE59-40EE-9E67-F8316B9F73DD}.Debug|x86.ActiveCfg = Debug|Any CPU
		{F80E90D2-EE59-40EE-9E67-F8316B9F73DD}.Release|Any CPU.ActiveCfg = Release|Any CPU
		{F80E90D2-EE59-40EE-9E67-F8316B9F73DD}.Release|Any CPU.Build.0 = Release|Any CPU
		{F80E90D2-EE59-40EE-9E67-F8316B9F73DD}.Release|x64.ActiveCfg = Debug|Any CPU
		{F80E90D2-EE59-40EE-9E67-F8316B9F73DD}.Release|x64.Build.0 = Debug|Any CPU
		{F80E90D2-EE59-40EE-9E67-F8316B9F73DD}.Release|x86.ActiveCfg = Release|Any CPU
	EndGlobalSection
	GlobalSection(SolutionProperties) = preSolution
		HideSolutionNode = FALSE
	EndGlobalSection
	GlobalSection(ExtensibilityGlobals) = postSolution
		SolutionGuid = {E2B838B5-A30F-4CB2-B898-1AA06276169D}
	EndGlobalSection
EndGlobal
